Microsoft Visual Studio Solution File, Format Version 8.00
Project("{8BC9CEB8-8B4A-11D0-8D11-00A0C91BC942}") = "q3asm", "q3asm.vcproj", "{E0D6B319-6F95-4ABA-9BE0-5454CAA5C8CD}"
	ProjectSection(ProjectDependencies) = postProject
	EndProjectSection
EndProject
Global
	GlobalSection(SourceCodeControl) = preSolution
		SccNumberOfProjects = 1
		SccProjectUniqueName0 = q3asm.vcproj
		SccProjectName0 = \u0022$/source/q3asm\u0022,\u0020YUCAAAAA
		SccLocalPath0 = .
		SccProvider0 = MSSCCI:Perforce\u0020SCM
	EndGlobalSection
	GlobalSection(SolutionConfiguration) = preSolution
		Debug = Debug
		Release = Release
	EndGlobalSection
	GlobalSection(ProjectConfiguration) = postSolution
		{E0D6B319-6F95-4ABA-9BE0-5454CAA5C8CD}.Debug.ActiveCfg = Debug|Win32
		{E0D6B319-6F95-4ABA-9BE0-5454CAA5C8CD}.Debug.Build.0 = Debug|Win32
		{E0D6B319-6F95-4ABA-9BE0-5454CAA5C8CD}.Release.ActiveCfg = Release|Win32
		{E0D6B319-6F95-4ABA-9BE0-5454CAA5C8CD}.Release.Build.0 = Release|Win32
	EndGlobalSection
	GlobalSection(ExtensibilityGlobals) = postSolution
	EndGlobalSection
	GlobalSection(ExtensibilityAddIns) = postSolution
	EndGlobalSection
EndGlobal
