Microsoft Visual Studio Solution File, Format Version 8.00
Project("{8BC9CEB8-8B4A-11D0-8D11-00A0C91BC942}") = "jpeg6", "..\libs\jpeg6\jpeg6.vcproj", "{A862AD26-94DD-4618-A814-F6AACA0B2FE3}"
	ProjectSection(ProjectDependencies) = postProject
	EndProjectSection
EndProject
Project("{8BC9CEB8-8B4A-11D0-8D11-00A0C91BC942}") = "pak", "..\libs\pak\pak.vcproj", "{F2ACC9D7-D628-4624-864F-87FE58787625}"
	ProjectSection(ProjectDependencies) = postProject
	EndProjectSection
EndProject
Project("{8BC9CEB8-8B4A-11D0-8D11-00A0C91BC942}") = "q3map", "q3map.vcproj", "{F1162C55-66E7-4486-B1F3-071CFAA78332}"
	ProjectSection(ProjectDependencies) = postProject
		{F2ACC9D7-D628-4624-864F-87FE58787625} = {F2ACC9D7-D628-4624-864F-87FE58787625}
		{A862AD26-94DD-4618-A814-F6AACA0B2FE3} = {A862AD26-94DD-4618-A814-F6AACA0B2FE3}
	EndProjectSection
EndProject
Global
	GlobalSection(SourceCodeControl) = preSolution
		SccNumberOfProjects = 3
		SccProjectUniqueName0 = ..\\libs\\jpeg6\\jpeg6.vcproj
		SccProjectName0 = \u0022$/source/q3radiant\u0022,\u0020FEFAAAAA
		SccLocalPath0 = ..\\q3radiant
		SccProvider0 = MSSCCI:Perforce\u0020SCM
		SccProjectFilePathRelativizedFromConnection0 = ..\\libs\\jpeg6\\
		SccProjectUniqueName1 = ..\\libs\\pak\\pak.vcproj
		SccProjectName1 = \u0022$/source/q3radiant\u0022,\u0020FEFAAAAA
		SccLocalPath1 = ..\\q3radiant
		SccProvider1 = MSSCCI:Perforce\u0020SCM
		SccProjectFilePathRelativizedFromConnection1 = ..\\libs\\pak\\
		SccProjectUniqueName2 = q3map.vcproj
		SccProjectName2 = \u0022$/source/q3map\u0022,\u0020PADAAAAA
		SccLocalPath2 = .
		SccProvider2 = MSSCCI:Perforce\u0020SCM
	EndGlobalSection
	GlobalSection(SolutionConfiguration) = preSolution
		Debug = Debug
		Release = Release
	EndGlobalSection
	GlobalSection(ProjectConfiguration) = postSolution
		{A862AD26-94DD-4618-A814-F6AACA0B2FE3}.Debug.ActiveCfg = Debug|Win32
		{A862AD26-94DD-4618-A814-F6AACA0B2FE3}.Debug.Build.0 = Debug|Win32
		{A862AD26-94DD-4618-A814-F6AACA0B2FE3}.Release.ActiveCfg = Release|Win32
		{A862AD26-94DD-4618-A814-F6AACA0B2FE3}.Release.Build.0 = Release|Win32
		{F2ACC9D7-D628-4624-864F-87FE58787625}.Debug.ActiveCfg = Debug|Win32
		{F2ACC9D7-D628-4624-864F-87FE58787625}.Debug.Build.0 = Debug|Win32
		{F2ACC9D7-D628-4624-864F-87FE58787625}.Release.ActiveCfg = Release|Win32
		{F2ACC9D7-D628-4624-864F-87FE58787625}.Release.Build.0 = Release|Win32
		{F1162C55-66E7-4486-B1F3-071CFAA78332}.Debug.ActiveCfg = Debug|Win32
		{F1162C55-66E7-4486-B1F3-071CFAA78332}.Debug.Build.0 = Debug|Win32
		{F1162C55-66E7-4486-B1F3-071CFAA78332}.Release.ActiveCfg = Release|Win32
		{F1162C55-66E7-4486-B1F3-071CFAA78332}.Release.Build.0 = Release|Win32
	EndGlobalSection
	GlobalSection(ExtensibilityGlobals) = postSolution
	EndGlobalSection
	GlobalSection(ExtensibilityAddIns) = postSolution
	EndGlobalSection
EndGlobal
